# This file is automatically @generated by Cargo.
# It is not intended for manual editing.
version = 3

[[package]]
name = "anyhow"
version = "1.0.44"
source = "registry+https://github.com/rust-lang/crates.io-index"
checksum = "61604a8f862e1d5c3229fdd78f8b02c68dcf73a4c4b05fd636d12240aaa242c1"

[[package]]
name = "widestring"
version = "0.5.1"
source = "registry+https://github.com/rust-lang/crates.io-index"
checksum = "17882f045410753661207383517a6f62ec3dbeb6a4ed2acce01f0728238d1983"

[[package]]
name = "window-title-getter"
version = "0.1.0"
dependencies = [
 "anyhow",
 "widestring",
 "windows",
]

[[package]]
name = "windows"
version = "0.23.0"
source = "registry+https://github.com/rust-lang/crates.io-index"
checksum = "9bce04249a9644c157f4529ea958f5d9e0129280e3700378884afa2903fd3d56"
dependencies = [
 "windows_i686_msvc",
 "windows_x86_64_msvc",
]

[[package]]
name = "windows_i686_msvc"
version = "0.23.0"
source = "registry+https://github.com/rust-lang/crates.io-index"
checksum = "65911a6b53be443df22004ae7d82121dabce94d74ba5735081788115b81cb919"

[[package]]
name = "windows_x86_64_msvc"
version = "0.23.0"
source = "registry+https://github.com/rust-lang/crates.io-index"
checksum = "8c8c8e2d709fbc4e6ff5d75503cbad8241c5df62fd60f62c0f8eef6e86689e63"
